
Microsoft Visual Studio Solution File, Format Version 12.00
# Visual Studio 15
VisualStudioVersion = 15.0.28307.168
MinimumVisualStudioVersion = 10.0.40219.1
Project("{FAE04EC0-301F-11D3-BF4B-00C04F79EFBC}") = "csharp-class-project", "csharp-class-project\csharp-class-project.csproj", "{8795924D-2F0A-4893-91F1-AF207177DA30}"
EndProject
Global
	GlobalSection(SolutionConfigurationPlatforms) = preSolution
		Debug|Any CPU = Debug|Any CPU
		Release|Any CPU = Release|Any CPU
	EndGlobalSection
	GlobalSection(ProjectConfigurationPlatforms) = postSolution
		{8795924D-2F0A-4893-91F1-AF207177DA30}.Debug|Any CPU.ActiveCfg = Debug|Any CPU
		{8795924D-2F0A-4893-91F1-AF207177DA30}.Debug|Any CPU.Build.0 = Debug|Any CPU
		{8795924D-2F0A-4893-91F1-AF207177DA30}.Release|Any CPU.ActiveCfg = Release|Any CPU
		{8795924D-2F0A-4893-91F1-AF207177DA30}.Release|Any CPU.Build.0 = Release|Any CPU
	EndGlobalSection
	GlobalSection(SolutionProperties) = preSolution
		HideSolutionNode = FALSE
	EndGlobalSection
	GlobalSection(ExtensibilityGlobals) = postSolution
		SolutionGuid = {65B42854-F589-434A-9135-61B9425ED8FB}
	EndGlobalSection
EndGlobal
